
Microsoft Visual Studio Solution File, Format Version 12.00
# Visual Studio Version 17
VisualStudioVersion = 17.6.33801.468
MinimumVisualStudioVersion = 10.0.40219.1
Project("{FAE04EC0-301F-11D3-BF4B-00C04F79EFBC}") = "WindowsFormsApp1", "WindowsFormsApp1\WindowsFormsApp1.csproj", "{A586CA6E-C01E-4487-BCB6-61BFB13CB7EF}"
EndProject
Project("{9A19103F-16F7-4668-BE54-9A1E7A4F7556}") = "API", "API\API.csproj", "{0AD8CDCF-06B8-4F9E-B7BA-1D84EDB1A01F}"
EndProject
Project("{9A19103F-16F7-4668-BE54-9A1E7A4F7556}") = "dto", "dto\dto.csproj", "{F699F22A-FF8E-4C99-AE92-AF2120CBBFD3}"
EndProject
Project("{FAE04EC0-301F-11D3-BF4B-00C04F79EFBC}") = "APINetFramework", "APINetFramework\APINetFramework.csproj", "{2D639E55-C698-4673-9BB3-C0458FCB59E8}"
EndProject
Global
	GlobalSection(SolutionConfigurationPlatforms) = preSolution
		Debug|Any CPU = Debug|Any CPU
		Release|Any CPU = Release|Any CPU
	EndGlobalSection
	GlobalSection(ProjectConfigurationPlatforms) = postSolution
		{A586CA6E-C01E-4487-BCB6-61BFB13CB7EF}.Debug|Any CPU.ActiveCfg = Debug|Any CPU
		{A586CA6E-C01E-4487-BCB6-61BFB13CB7EF}.Debug|Any CPU.Build.0 = Debug|Any CPU
		{A586CA6E-C01E-4487-BCB6-61BFB13CB7EF}.Release|Any CPU.ActiveCfg = Release|Any CPU
		{A586CA6E-C01E-4487-BCB6-61BFB13CB7EF}.Release|Any CPU.Build.0 = Release|Any CPU
		{0AD8CDCF-06B8-4F9E-B7BA-1D84EDB1A01F}.Debug|Any CPU.ActiveCfg = Debug|Any CPU
		{0AD8CDCF-06B8-4F9E-B7BA-1D84EDB1A01F}.Debug|Any CPU.Build.0 = Debug|Any CPU
		{0AD8CDCF-06B8-4F9E-B7BA-1D84EDB1A01F}.Release|Any CPU.ActiveCfg = Release|Any CPU
		{0AD8CDCF-06B8-4F9E-B7BA-1D84EDB1A01F}.Release|Any CPU.Build.0 = Release|Any CPU
		{F699F22A-FF8E-4C99-AE92-AF2120CBBFD3}.Debug|Any CPU.ActiveCfg = Debug|Any CPU
		{F699F22A-FF8E-4C99-AE92-AF2120CBBFD3}.Debug|Any CPU.Build.0 = Debug|Any CPU
		{F699F22A-FF8E-4C99-AE92-AF2120CBBFD3}.Release|Any CPU.ActiveCfg = Release|Any CPU
		{F699F22A-FF8E-4C99-AE92-AF2120CBBFD3}.Release|Any CPU.Build.0 = Release|Any CPU
		{2D639E55-C698-4673-9BB3-C0458FCB59E8}.Debug|Any CPU.ActiveCfg = Debug|Any CPU
		{2D639E55-C698-4673-9BB3-C0458FCB59E8}.Debug|Any CPU.Build.0 = Debug|Any CPU
		{2D639E55-C698-4673-9BB3-C0458FCB59E8}.Release|Any CPU.ActiveCfg = Release|Any CPU
		{2D639E55-C698-4673-9BB3-C0458FCB59E8}.Release|Any CPU.Build.0 = Release|Any CPU
	EndGlobalSection
	GlobalSection(SolutionProperties) = preSolution
		HideSolutionNode = FALSE
	EndGlobalSection
	GlobalSection(ExtensibilityGlobals) = postSolution
		SolutionGuid = {8FC1BEB9-E8D2-4175-AF0D-2F1BF6FF953E}
	EndGlobalSection
EndGlobal
